<?xml version="1.0" encoding="UTF-8" standalone="yes" ?>
<CodeBlocks_project_file>
	<FileVersion major="1" minor="6" />
	<Project>
		<Option title="Simple-Music_player" />
		<Option pch_mode="2" />
		<Option compiler="gcc" />
		<Build>
			<Target title="Debug">
				<Option output="bin/Debug/Simple Music Player" prefix_auto="1" extension_auto="1" />
				<Option object_output="obj/Debug/" />
				<Option type="1" />
				<Option compiler="gcc" />
				<Compiler>
					<Add option="-g" />
				</Compiler>
			</Target>
			<Target title="Release">
				<Option output="bin/Release/Mp3-Player" prefix_auto="1" extension_auto="1" />
				<Option object_output="obj/Release/" />
				<Option type="1" />
				<Option compiler="gcc" />
				<Compiler>
					<Add option="-O2" />
				</Compiler>
				<Linker>
					<Add option="-s" />
				</Linker>
			</Target>
		</Build>
		<Compiler>
			<Add option="-Wall" />
			<Add directory="C:/Libraries/SDL2_mixer-2.0.4/i686-w64-mingw32/include/SDL2" />
			<Add directory="C:/Libraries/SDL2-2.0.14/i686-w64-mingw32/include/SDL2" />
		</Compiler>
		<Linker>
			<Add option="-lmingw32" />
			<Add option="-lSDL2main" />
			<Add option="-lSDL2" />
			<Add option="-lSDL2_mixer" />
			<Add directory="C:/Libraries/SDL2_mixer-2.0.4/i686-w64-mingw32/lib" />
			<Add directory="C:/Libraries/SDL2-2.0.14/i686-w64-mingw32/lib" />
		</Linker>
		<Unit filename="main.c">
			<Option compilerVar="CC" />
		</Unit>
		<Extensions>
			<lib_finder disable_auto="1" />
		</Extensions>
	</Project>
</CodeBlocks_project_file>
